
Microsoft Visual Studio Solution File, Format Version 12.00
# Visual Studio Version 16
VisualStudioVersion = 16.0.34301.259
MinimumVisualStudioVersion = 10.0.40219.1
Project("{F184B08F-C81C-45F6-A57F-5ABD9991F28F}") = "PetPlanet", "PetPlanet\PetPlanet.vbproj", "{73D4B185-99E8-4932-A3B1-E49B3C0D19FA}"
EndProject
Project("{2150E333-8FDC-42A3-9474-1A3956D46DE8}") = "Solution Items", "Solution Items", "{618F956F-A53D-43B9-8B1B-C01DE8DA22F6}"
	ProjectSection(SolutionItems) = preProject
		PetPlanet\Bunifu_UI_v1.5.3.dll = PetPlanet\Bunifu_UI_v1.5.3.dll
	EndProjectSection
EndProject
Global
	GlobalSection(SolutionConfigurationPlatforms) = preSolution
		Debug|Any CPU = Debug|Any CPU
		Release|Any CPU = Release|Any CPU
	EndGlobalSection
	GlobalSection(ProjectConfigurationPlatforms) = postSolution
		{73D4B185-99E8-4932-A3B1-E49B3C0D19FA}.Debug|Any CPU.ActiveCfg = Debug|Any CPU
		{73D4B185-99E8-4932-A3B1-E49B3C0D19FA}.Debug|Any CPU.Build.0 = Debug|Any CPU
		{73D4B185-99E8-4932-A3B1-E49B3C0D19FA}.Release|Any CPU.ActiveCfg = Release|Any CPU
		{73D4B185-99E8-4932-A3B1-E49B3C0D19FA}.Release|Any CPU.Build.0 = Release|Any CPU
	EndGlobalSection
	GlobalSection(SolutionProperties) = preSolution
		HideSolutionNode = FALSE
	EndGlobalSection
	GlobalSection(ExtensibilityGlobals) = postSolution
		SolutionGuid = {910DAE16-65EB-45F8-A9F5-0675E5B298A4}
	EndGlobalSection
EndGlobal
